
Microsoft Visual Studio Solution File, Format Version 12.00
# Visual Studio 15
Project("{FAE04EC0-301F-11D3-BF4B-00C04F79EFBC}") = "Spotlight_Tunnel_Docs", "Spotlight_Tunnel_Docs.csproj", "{D60962E5-FC60-5681-B329-9DB1451CFF2B}"
EndProject
Project("{FAE04EC0-301F-11D3-BF4B-00C04F79EFBC}") = "Spotlight_Tunnel_Docs.Editor", "Spotlight_Tunnel_Docs.Editor.csproj", "{E43DA662-66AC-EF87-899F-E5525DAF0B2E}"
EndProject
Global
	GlobalSection(SolutionConfigurationPlatforms) = preSolution
		Debug|Any CPU = Debug|Any CPU
		Release|Any CPU = Release|Any CPU
	EndGlobalSection
	GlobalSection(ProjectConfigurationPlatforms) = postSolution
		{D60962E5-FC60-5681-B329-9DB1451CFF2B}.Debug|Any CPU.ActiveCfg = Debug|Any CPU
		{D60962E5-FC60-5681-B329-9DB1451CFF2B}.Debug|Any CPU.Build.0 = Debug|Any CPU
		{D60962E5-FC60-5681-B329-9DB1451CFF2B}.Release|Any CPU.ActiveCfg = Release|Any CPU
		{D60962E5-FC60-5681-B329-9DB1451CFF2B}.Release|Any CPU.Build.0 = Release|Any CPU
		{E43DA662-66AC-EF87-899F-E5525DAF0B2E}.Debug|Any CPU.ActiveCfg = Debug|Any CPU
		{E43DA662-66AC-EF87-899F-E5525DAF0B2E}.Debug|Any CPU.Build.0 = Debug|Any CPU
		{E43DA662-66AC-EF87-899F-E5525DAF0B2E}.Release|Any CPU.ActiveCfg = Release|Any CPU
		{E43DA662-66AC-EF87-899F-E5525DAF0B2E}.Release|Any CPU.Build.0 = Release|Any CPU
	EndGlobalSection
	GlobalSection(SolutionProperties) = preSolution
		HideSolutionNode = FALSE
	EndGlobalSection
EndGlobal
